{
  "name": "myfashioncorp",
  "version": "0.1.0",
  "lockfileVersion": 1,
  "requires": true,
  "dependencies": {
    "@vue/devtools-api": {
      "version": "6.1.4",
      "resolved": "https://artifactory.csq.fr/api/npm/npm/@vue/devtools-api/-/devtools-api-6.1.4.tgz",
      "integrity": "sha1-tK7C9LRZnhG6d0pQxn+jeMmCTlM="
    },
    "axios": {
      "version": "0.26.1",
      "resolved": "https://artifactory.csq.fr/api/npm/npm/axios/-/axios-0.26.1.tgz",
      "integrity": "sha1-Ht5BxR/PUbu9b9Q2acqqTwSVqqk=",
      "requires": {
        "follow-redirects": "^1.14.8"
      }
    },
    "bootstrap": {
      "version": "4.6.0",
      "resolved": "https://artifactory.csq.fr/api/npm/npm/bootstrap/-/bootstrap-4.6.0.tgz",
      "integrity": "sha1-l7nymsmPmN+kO/dGgmLYQ5JVL9c="
    },
    "bootstrap-icons": {
      "version": "1.8.1",
      "resolved": "https://artifactory.csq.fr/api/npm/npm/bootstrap-icons/-/bootstrap-icons-1.8.1.tgz",
      "integrity": "sha1-dzwWJby/PoYJDqnaQ4bCxkWcVYI="
    },
    "follow-redirects": {
      "version": "1.14.9",
      "resolved": "https://artifactory.csq.fr/api/npm/npm/follow-redirects/-/follow-redirects-1.14.9.tgz",
      "integrity": "sha1-3U6hV957+vnqmz+9haoWlR942Nc="
    },
    "jquery": {
      "version": "3.6.0",
      "resolved": "https://artifactory.csq.fr/api/npm/npm/jquery/-/jquery-3.6.0.tgz",
      "integrity": "sha1-xyoJ8Vwb3OFC9J2/EXC9+K2sJHA="
    },
    "popper.js": {
      "version": "1.16.1",
      "resolved": "https://artifactory.csq.fr/api/npm/npm/popper.js/-/popper.js-1.16.1.tgz",
      "integrity": "sha1-KiI8s9x7YhPXQOQDcr5A3kPmWxs="
    },
    "prettier": {
      "version": "2.6.2",
      "resolved": "https://artifactory.csq.fr/api/npm/npm/prettier/-/prettier-2.6.2.tgz",
      "integrity": "sha1-4m1xoYp0w9DwWX9V8B+2wGwgYDI=",
      "dev": true
    },
    "vue-router": {
      "version": "4.0.14",
      "resolved": "https://artifactory.csq.fr/api/npm/npm/vue-router/-/vue-router-4.0.14.tgz",
      "integrity": "sha1-ziAowcXDPjDHKHlQyXPzl/zhvWU=",
      "requires": {
        "@vue/devtools-api": "^6.0.0"
      }
    }
  }
}
